// !$*UTF8*$!
{
	archiveVersion = 1;
	classes = {
	};
	objectVersion = 50;
	objects = {

/* Begin PBXBuildFile section */
		DE93D94A253801A800361F18 /* AppDelegate.swift in Sources */ = {isa = PBXBuildFile; fileRef = DE93D949253801A800361F18 /* AppDelegate.swift */; };
		DE93D94C253801A800361F18 /* SceneDelegate.swift in Sources */ = {isa = PBXBuildFile; fileRef = DE93D94B253801A800361F18 /* SceneDelegate.swift */; };
		DE93D94E253801A800361F18 /* ViewController.swift in Sources */ = {isa = PBXBuildFile; fileRef = DE93D94D253801A800361F18 /* ViewController.swift */; };
		DE93D951253801A800361F18 /* Main.storyboard in Resources */ = {isa = PBXBuildFile; fileRef = DE93D94F253801A800361F18 /* Main.storyboard */; };
		DE93D953253801AA00361F18 /* Assets.xcassets in Resources */ = {isa = PBXBuildFile; fileRef = DE93D952253801AA00361F18 /* Assets.xcassets */; };
		DE93D956253801AA00361F18 /* LaunchScreen.storyboard in Resources */ = {isa = PBXBuildFile; fileRef = DE93D954253801AA00361F18 /* LaunchScreen.storyboard */; };
		DE93D961253801AA00361F18 /* TestTests.swift in Sources */ = {isa = PBXBuildFile; fileRef = DE93D960253801AA00361F18 /* TestTests.swift */; };
		DE93D96C253801AA00361F18 /* TestUITests.swift in Sources */ = {isa = PBXBuildFile; fileRef = DE93D96B253801AA00361F18 /* TestUITests.swift */; };
		DE93D9A025380D3400361F18 /* RootViewController.swift in Sources */ = {isa = PBXBuildFile; fileRef = DE93D99F25380D3400361F18 /* RootViewController.swift */; };
		DE93D9A525380D8F00361F18 /* RootViewModel.swift in Sources */ = {isa = PBXBuildFile; fileRef = DE93D9A425380D8F00361F18 /* RootViewModel.swift */; };
		DE93D9AA25380EE800361F18 /* LeftViewController.swift in Sources */ = {isa = PBXBuildFile; fileRef = DE93D9A925380EE800361F18 /* LeftViewController.swift */; };
		DE93D9AF25380F0100361F18 /* LeftViewModel.swift in Sources */ = {isa = PBXBuildFile; fileRef = DE93D9AE25380F0100361F18 /* LeftViewModel.swift */; };
		DE93D9B425380F1400361F18 /* RightViewModel.swift in Sources */ = {isa = PBXBuildFile; fileRef = DE93D9B325380F1400361F18 /* RightViewModel.swift */; };
		DE93D9B925380F2500361F18 /* RightViewController.swift in Sources */ = {isa = PBXBuildFile; fileRef = DE93D9B825380F2500361F18 /* RightViewController.swift */; };
		E41877232CD0B3F472F2D1B2 /* Pods_Test.framework in Frameworks */ = {isa = PBXBuildFile; fileRef = 6F7F08016FC513A41ECFF6FE /* Pods_Test.framework */; };
/* End PBXBuildFile section */

/* Begin PBXContainerItemProxy section */
		DE93D95D253801AA00361F18 /* PBXContainerItemProxy */ = {
			isa = PBXContainerItemProxy;
			containerPortal = DE93D93E253801A800361F18 /* Project object */;
			proxyType = 1;
			remoteGlobalIDString = DE93D945253801A800361F18;
			remoteInfo = Test;
		};
		DE93D968253801AA00361F18 /* PBXContainerItemProxy */ = {
			isa = PBXContainerItemProxy;
			containerPortal = DE93D93E253801A800361F18 /* Project object */;
			proxyType = 1;
			remoteGlobalIDString = DE93D945253801A800361F18;
			remoteInfo = Test;
		};
/* End PBXContainerItemProxy section */

/* Begin PBXFileReference section */
		313F38B3259C5C6D0F9FE885 /* Pods-Test.debug.xcconfig */ = {isa = PBXFileReference; includeInIndex = 1; lastKnownFileType = text.xcconfig; name = "Pods-Test.debug.xcconfig"; path = "Target Support Files/Pods-Test/Pods-Test.debug.xcconfig"; sourceTree = "<group>"; };
		6F7F08016FC513A41ECFF6FE /* Pods_Test.framework */ = {isa = PBXFileReference; explicitFileType = wrapper.framework; includeInIndex = 0; path = Pods_Test.framework; sourceTree = BUILT_PRODUCTS_DIR; };
		99F8399AC7BF97CB1101C1D6 /* Pods-Test.release.xcconfig */ = {isa = PBXFileReference; includeInIndex = 1; lastKnownFileType = text.xcconfig; name = "Pods-Test.release.xcconfig"; path = "Target Support Files/Pods-Test/Pods-Test.release.xcconfig"; sourceTree = "<group>"; };
		DE93D946253801A800361F18 /* Test.app */ = {isa = PBXFileReference; explicitFileType = wrapper.application; includeInIndex = 0; path = Test.app; sourceTree = BUILT_PRODUCTS_DIR; };
		DE93D949253801A800361F18 /* AppDelegate.swift */ = {isa = PBXFileReference; lastKnownFileType = sourcecode.swift; path = AppDelegate.swift; sourceTree = "<group>"; };
		DE93D94B253801A800361F18 /* SceneDelegate.swift */ = {isa = PBXFileReference; lastKnownFileType = sourcecode.swift; path = SceneDelegate.swift; sourceTree = "<group>"; };
		DE93D94D253801A800361F18 /* ViewController.swift */ = {isa = PBXFileReference; lastKnownFileType = sourcecode.swift; path = ViewController.swift; sourceTree = "<group>"; };
		DE93D950253801A800361F18 /* Base */ = {isa = PBXFileReference; lastKnownFileType = file.storyboard; name = Base; path = Base.lproj/Main.storyboard; sourceTree = "<group>"; };
		DE93D952253801AA00361F18 /* Assets.xcassets */ = {isa = PBXFileReference; lastKnownFileType = folder.assetcatalog; path = Assets.xcassets; sourceTree = "<group>"; };
		DE93D955253801AA00361F18 /* Base */ = {isa = PBXFileReference; lastKnownFileType = file.storyboard; name = Base; path = Base.lproj/LaunchScreen.storyboard; sourceTree = "<group>"; };
		DE93D957253801AA00361F18 /* Info.plist */ = {isa = PBXFileReference; lastKnownFileType = text.plist.xml; path = Info.plist; sourceTree = "<group>"; };
		DE93D95C253801AA00361F18 /* TestTests.xctest */ = {isa = PBXFileReference; explicitFileType = wrapper.cfbundle; includeInIndex = 0; path = TestTests.xctest; sourceTree = BUILT_PRODUCTS_DIR; };
		DE93D960253801AA00361F18 /* TestTests.swift */ = {isa = PBXFileReference; lastKnownFileType = sourcecode.swift; path = TestTests.swift; sourceTree = "<group>"; };
		DE93D962253801AA00361F18 /* Info.plist */ = {isa = PBXFileReference; lastKnownFileType = text.plist.xml; path = Info.plist; sourceTree = "<group>"; };
		DE93D967253801AA00361F18 /* TestUITests.xctest */ = {isa = PBXFileReference; explicitFileType = wrapper.cfbundle; includeInIndex = 0; path = TestUITests.xctest; sourceTree = BUILT_PRODUCTS_DIR; };
		DE93D96B253801AA00361F18 /* TestUITests.swift */ = {isa = PBXFileReference; lastKnownFileType = sourcecode.swift; path = TestUITests.swift; sourceTree = "<group>"; };
		DE93D96D253801AA00361F18 /* Info.plist */ = {isa = PBXFileReference; lastKnownFileType = text.plist.xml; path = Info.plist; sourceTree = "<group>"; };
		DE93D99F25380D3400361F18 /* RootViewController.swift */ = {isa = PBXFileReference; lastKnownFileType = sourcecode.swift; path = RootViewController.swift; sourceTree = "<group>"; };
		DE93D9A425380D8F00361F18 /* RootViewModel.swift */ = {isa = PBXFileReference; lastKnownFileType = sourcecode.swift; path = RootViewModel.swift; sourceTree = "<group>"; };
		DE93D9A925380EE800361F18 /* LeftViewController.swift */ = {isa = PBXFileReference; lastKnownFileType = sourcecode.swift; path = LeftViewController.swift; sourceTree = "<group>"; };
		DE93D9AE25380F0100361F18 /* LeftViewModel.swift */ = {isa = PBXFileReference; lastKnownFileType = sourcecode.swift; path = LeftViewModel.swift; sourceTree = "<group>"; };
		DE93D9B325380F1400361F18 /* RightViewModel.swift */ = {isa = PBXFileReference; lastKnownFileType = sourcecode.swift; path = RightViewModel.swift; sourceTree = "<group>"; };
		DE93D9B825380F2500361F18 /* RightViewController.swift */ = {isa = PBXFileReference; lastKnownFileType = sourcecode.swift; path = RightViewController.swift; sourceTree = "<group>"; };
/* End PBXFileReference section */

/* Begin PBXFrameworksBuildPhase section */
		DE93D943253801A800361F18 /* Frameworks */ = {
			isa = PBXFrameworksBuildPhase;
			buildActionMask = 2147483647;
			files = (
				E41877232CD0B3F472F2D1B2 /* Pods_Test.framework in Frameworks */,
			);
			runOnlyForDeploymentPostprocessing = 0;
		};
		DE93D959253801AA00361F18 /* Frameworks */ = {
			isa = PBXFrameworksBuildPhase;
			buildActionMask = 2147483647;
			files = (
			);
			runOnlyForDeploymentPostprocessing = 0;
		};
		DE93D964253801AA00361F18 /* Frameworks */ = {
			isa = PBXFrameworksBuildPhase;
			buildActionMask = 2147483647;
			files = (
			);
			runOnlyForDeploymentPostprocessing = 0;
		};
/* End PBXFrameworksBuildPhase section */

/* Begin PBXGroup section */
		2014374AB416EDE688BC340A /* Pods */ = {
			isa = PBXGroup;
			children = (
				313F38B3259C5C6D0F9FE885 /* Pods-Test.debug.xcconfig */,
				99F8399AC7BF97CB1101C1D6 /* Pods-Test.release.xcconfig */,
			);
			name = Pods;
			path = Pods;
			sourceTree = "<group>";
		};
		36C96B4243F0DFFFE615FABB /* Frameworks */ = {
			isa = PBXGroup;
			children = (
				6F7F08016FC513A41ECFF6FE /* Pods_Test.framework */,
			);
			name = Frameworks;
			sourceTree = "<group>";
		};
		DE93D93D253801A800361F18 = {
			isa = PBXGroup;
			children = (
				DE93D948253801A800361F18 /* Test */,
				DE93D95F253801AA00361F18 /* TestTests */,
				DE93D96A253801AA00361F18 /* TestUITests */,
				DE93D947253801A800361F18 /* Products */,
				2014374AB416EDE688BC340A /* Pods */,
				36C96B4243F0DFFFE615FABB /* Frameworks */,
			);
			sourceTree = "<group>";
		};
		DE93D947253801A800361F18 /* Products */ = {
			isa = PBXGroup;
			children = (
				DE93D946253801A800361F18 /* Test.app */,
				DE93D95C253801AA00361F18 /* TestTests.xctest */,
				DE93D967253801AA00361F18 /* TestUITests.xctest */,
			);
			name = Products;
			sourceTree = "<group>";
		};
		DE93D948253801A800361F18 /* Test */ = {
			isa = PBXGroup;
			children = (
				DE93D9982538025900361F18 /* Scene */,
				DE93D949253801A800361F18 /* AppDelegate.swift */,
				DE93D94B253801A800361F18 /* SceneDelegate.swift */,
				DE93D94D253801A800361F18 /* ViewController.swift */,
				DE93D94F253801A800361F18 /* Main.storyboard */,
				DE93D952253801AA00361F18 /* Assets.xcassets */,
				DE93D954253801AA00361F18 /* LaunchScreen.storyboard */,
				DE93D957253801AA00361F18 /* Info.plist */,
			);
			path = Test;
			sourceTree = "<group>";
		};
		DE93D95F253801AA00361F18 /* TestTests */ = {
			isa = PBXGroup;
			children = (
				DE93D960253801AA00361F18 /* TestTests.swift */,
				DE93D962253801AA00361F18 /* Info.plist */,
			);
			path = TestTests;
			sourceTree = "<group>";
		};
		DE93D96A253801AA00361F18 /* TestUITests */ = {
			isa = PBXGroup;
			children = (
				DE93D96B253801AA00361F18 /* TestUITests.swift */,
				DE93D96D253801AA00361F18 /* Info.plist */,
			);
			path = TestUITests;
			sourceTree = "<group>";
		};
		DE93D9982538025900361F18 /* Scene */ = {
			isa = PBXGroup;
			children = (
				DE93D99B2538027B00361F18 /* Right */,
				DE93D99A2538027500361F18 /* Left */,
				DE93D9992538026D00361F18 /* Root */,
			);
			path = Scene;
			sourceTree = "<group>";
		};
		DE93D9992538026D00361F18 /* Root */ = {
			isa = PBXGroup;
			children = (
				DE93D99F25380D3400361F18 /* RootViewController.swift */,
				DE93D9A425380D8F00361F18 /* RootViewModel.swift */,
			);
			path = Root;
			sourceTree = "<group>";
		};
		DE93D99A2538027500361F18 /* Left */ = {
			isa = PBXGroup;
			children = (
				DE93D9A925380EE800361F18 /* LeftViewController.swift */,
				DE93D9AE25380F0100361F18 /* LeftViewModel.swift */,
			);
			path = Left;
			sourceTree = "<group>";
		};
		DE93D99B2538027B00361F18 /* Right */ = {
			isa = PBXGroup;
			children = (
				DE93D9B325380F1400361F18 /* RightViewModel.swift */,
				DE93D9B825380F2500361F18 /* RightViewController.swift */,
			);
			path = Right;
			sourceTree = "<group>";
		};
/* End PBXGroup section */

/* Begin PBXNativeTarget section */
		DE93D945253801A800361F18 /* Test */ = {
			isa = PBXNativeTarget;
			buildConfigurationList = DE93D970253801AA00361F18 /* Build configuration list for PBXNativeTarget "Test" */;
			buildPhases = (
				568FF5EC3FACDDAD69554E0C /* [CP] Check Pods Manifest.lock */,
				DE93D942253801A800361F18 /* Sources */,
				DE93D943253801A800361F18 /* Frameworks */,
				DE93D944253801A800361F18 /* Resources */,
				FB7F85E6979A4A764341F9AC /* [CP] Embed Pods Frameworks */,
			);
			buildRules = (
			);
			dependencies = (
			);
			name = Test;
			productName = Test;
			productReference = DE93D946253801A800361F18 /* Test.app */;
			productType = "com.apple.product-type.application";
		};
		DE93D95B253801AA00361F18 /* TestTests */ = {
			isa = PBXNativeTarget;
			buildConfigurationList = DE93D973253801AA00361F18 /* Build configuration list for PBXNativeTarget "TestTests" */;
			buildPhases = (
				DE93D958253801AA00361F18 /* Sources */,
				DE93D959253801AA00361F18 /* Frameworks */,
				DE93D95A253801AA00361F18 /* Resources */,
			);
			buildRules = (
			);
			dependencies = (
				DE93D95E253801AA00361F18 /* PBXTargetDependency */,
			);
			name = TestTests;
			productName = TestTests;
			productReference = DE93D95C253801AA00361F18 /* TestTests.xctest */;
			productType = "com.apple.product-type.bundle.unit-test";
		};
		DE93D966253801AA00361F18 /* TestUITests */ = {
			isa = PBXNativeTarget;
			buildConfigurationList = DE93D976253801AA00361F18 /* Build configuration list for PBXNativeTarget "TestUITests" */;
			buildPhases = (
				DE93D963253801AA00361F18 /* Sources */,
				DE93D964253801AA00361F18 /* Frameworks */,
				DE93D965253801AA00361F18 /* Resources */,
			);
			buildRules = (
			);
			dependencies = (
				DE93D969253801AA00361F18 /* PBXTargetDependency */,
			);
			name = TestUITests;
			productName = TestUITests;
			productReference = DE93D967253801AA00361F18 /* TestUITests.xctest */;
			productType = "com.apple.product-type.bundle.ui-testing";
		};
/* End PBXNativeTarget section */

/* Begin PBXProject section */
		DE93D93E253801A800361F18 /* Project object */ = {
			isa = PBXProject;
			attributes = {
				LastSwiftUpdateCheck = 1200;
				LastUpgradeCheck = 1200;
				TargetAttributes = {
					DE93D945253801A800361F18 = {
						CreatedOnToolsVersion = 12.0.1;
					};
					DE93D95B253801AA00361F18 = {
						CreatedOnToolsVersion = 12.0.1;
						TestTargetID = DE93D945253801A800361F18;
					};
					DE93D966253801AA00361F18 = {
						CreatedOnToolsVersion = 12.0.1;
						TestTargetID = DE93D945253801A800361F18;
					};
				};
			};
			buildConfigurationList = DE93D941253801A800361F18 /* Build configuration list for PBXProject "Test" */;
			compatibilityVersion = "Xcode 9.3";
			developmentRegion = en;
			hasScannedForEncodings = 0;
			knownRegions = (
				en,
				Base,
			);
			mainGroup = DE93D93D253801A800361F18;
			productRefGroup = DE93D947253801A800361F18 /* Products */;
			projectDirPath = "";
			projectRoot = "";
			targets = (
				DE93D945253801A800361F18 /* Test */,
				DE93D95B253801AA00361F18 /* TestTests */,
				DE93D966253801AA00361F18 /* TestUITests */,
			);
		};
/* End PBXProject section */

/* Begin PBXResourcesBuildPhase section */
		DE93D944253801A800361F18 /* Resources */ = {
			isa = PBXResourcesBuildPhase;
			buildActionMask = 2147483647;
			files = (
				DE93D956253801AA00361F18 /* LaunchScreen.storyboard in Resources */,
				DE93D953253801AA00361F18 /* Assets.xcassets in Resources */,
				DE93D951253801A800361F18 /* Main.storyboard in Resources */,
			);
			runOnlyForDeploymentPostprocessing = 0;
		};
		DE93D95A253801AA00361F18 /* Resources */ = {
			isa = PBXResourcesBuildPhase;
			buildActionMask = 2147483647;
			files = (
			);
			runOnlyForDeploymentPostprocessing = 0;
		};
		DE93D965253801AA00361F18 /* Resources */ = {
			isa = PBXResourcesBuildPhase;
			buildActionMask = 2147483647;
			files = (
			);
			runOnlyForDeploymentPostprocessing = 0;
		};
/* End PBXResourcesBuildPhase section */

/* Begin PBXShellScriptBuildPhase section */
		568FF5EC3FACDDAD69554E0C /* [CP] Check Pods Manifest.lock */ = {
			isa = PBXShellScriptBuildPhase;
			buildActionMask = 2147483647;
			files = (
			);
			inputFileListPaths = (
			);
			inputPaths = (
				"${PODS_PODFILE_DIR_PATH}/Podfile.lock",
				"${PODS_ROOT}/Manifest.lock",
			);
			name = "[CP] Check Pods Manifest.lock";
			outputFileListPaths = (
			);
			outputPaths = (
				"$(DERIVED_FILE_DIR)/Pods-Test-checkManifestLockResult.txt",
			);
			runOnlyForDeploymentPostprocessing = 0;
			shellPath = /bin/sh;
			shellScript = "diff \"${PODS_PODFILE_DIR_PATH}/Podfile.lock\" \"${PODS_ROOT}/Manifest.lock\" > /dev/null\nif [ $? != 0 ] ; then\n    # print error to STDERR\n    echo \"error: The sandbox is not in sync with the Podfile.lock. Run 'pod install' or update your CocoaPods installation.\" >&2\n    exit 1\nfi\n# This output is used by Xcode 'outputs' to avoid re-running this script phase.\necho \"SUCCESS\" > \"${SCRIPT_OUTPUT_FILE_0}\"\n";
			showEnvVarsInLog = 0;
		};
		FB7F85E6979A4A764341F9AC /* [CP] Embed Pods Frameworks */ = {
			isa = PBXShellScriptBuildPhase;
			buildActionMask = 2147483647;
			files = (
			);
			inputFileListPaths = (
				"${PODS_ROOT}/Target Support Files/Pods-Test/Pods-Test-frameworks-${CONFIGURATION}-input-files.xcfilelist",
			);
			name = "[CP] Embed Pods Frameworks";
			outputFileListPaths = (
				"${PODS_ROOT}/Target Support Files/Pods-Test/Pods-Test-frameworks-${CONFIGURATION}-output-files.xcfilelist",
			);
			runOnlyForDeploymentPostprocessing = 0;
			shellPath = /bin/sh;
			shellScript = "\"${PODS_ROOT}/Target Support Files/Pods-Test/Pods-Test-frameworks.sh\"\n";
			showEnvVarsInLog = 0;
		};
/* End PBXShellScriptBuildPhase section */

/* Begin PBXSourcesBuildPhase section */
		DE93D942253801A800361F18 /* Sources */ = {
			isa = PBXSourcesBuildPhase;
			buildActionMask = 2147483647;
			files = (
				DE93D9A525380D8F00361F18 /* RootViewModel.swift in Sources */,
				DE93D9B425380F1400361F18 /* RightViewModel.swift in Sources */,
				DE93D94E253801A800361F18 /* ViewController.swift in Sources */,
				DE93D94A253801A800361F18 /* AppDelegate.swift in Sources */,
				DE93D9AA25380EE800361F18 /* LeftViewController.swift in Sources */,
				DE93D9A025380D3400361F18 /* RootViewController.swift in Sources */,
				DE93D9AF25380F0100361F18 /* LeftViewModel.swift in Sources */,
				DE93D94C253801A800361F18 /* SceneDelegate.swift in Sources */,
				DE93D9B925380F2500361F18 /* RightViewController.swift in Sources */,
			);
			runOnlyForDeploymentPostprocessing = 0;
		};
		DE93D958253801AA00361F18 /* Sources */ = {
			isa = PBXSourcesBuildPhase;
			buildActionMask = 2147483647;
			files = (
				DE93D961253801AA00361F18 /* TestTests.swift in Sources */,
			);
			runOnlyForDeploymentPostprocessing = 0;
		};
		DE93D963253801AA00361F18 /* Sources */ = {
			isa = PBXSourcesBuildPhase;
			buildActionMask = 2147483647;
			files = (
				DE93D96C253801AA00361F18 /* TestUITests.swift in Sources */,
			);
			runOnlyForDeploymentPostprocessing = 0;
		};
/* End PBXSourcesBuildPhase section */

/* Begin PBXTargetDependency section */
		DE93D95E253801AA00361F18 /* PBXTargetDependency */ = {
			isa = PBXTargetDependency;
			target = DE93D945253801A800361F18 /* Test */;
			targetProxy = DE93D95D253801AA00361F18 /* PBXContainerItemProxy */;
		};
		DE93D969253801AA00361F18 /* PBXTargetDependency */ = {
			isa = PBXTargetDependency;
			target = DE93D945253801A800361F18 /* Test */;
			targetProxy = DE93D968253801AA00361F18 /* PBXContainerItemProxy */;
		};
/* End PBXTargetDependency section */

/* Begin PBXVariantGroup section */
		DE93D94F253801A800361F18 /* Main.storyboard */ = {
			isa = PBXVariantGroup;
			children = (
				DE93D950253801A800361F18 /* Base */,
			);
			name = Main.storyboard;
			sourceTree = "<group>";
		};
		DE93D954253801AA00361F18 /* LaunchScreen.storyboard */ = {
			isa = PBXVariantGroup;
			children = (
				DE93D955253801AA00361F18 /* Base */,
			);
			name = LaunchScreen.storyboard;
			sourceTree = "<group>";
		};
/* End PBXVariantGroup section */

/* Begin XCBuildConfiguration section */
		DE93D96E253801AA00361F18 /* Debug */ = {
			isa = XCBuildConfiguration;
			buildSettings = {
				ALWAYS_SEARCH_USER_PATHS = NO;
				CLANG_ANALYZER_NONNULL = YES;
				CLANG_ANALYZER_NUMBER_OBJECT_CONVERSION = YES_AGGRESSIVE;
				CLANG_CXX_LANGUAGE_STANDARD = "gnu++14";
				CLANG_CXX_LIBRARY = "libc++";
				CLANG_ENABLE_MODULES = YES;
				CLANG_ENABLE_OBJC_ARC = YES;
				CLANG_ENABLE_OBJC_WEAK = YES;
				CLANG_WARN_BLOCK_CAPTURE_AUTORELEASING = YES;
				CLANG_WARN_BOOL_CONVERSION = YES;
				CLANG_WARN_COMMA = YES;
				CLANG_WARN_CONSTANT_CONVERSION = YES;
				CLANG_WARN_DEPRECATED_OBJC_IMPLEMENTATIONS = YES;
				CLANG_WARN_DIRECT_OBJC_ISA_USAGE = YES_ERROR;
				CLANG_WARN_DOCUMENTATION_COMMENTS = YES;
				CLANG_WARN_EMPTY_BODY = YES;
				CLANG_WARN_ENUM_CONVERSION = YES;
				CLANG_WARN_INFINITE_RECURSION = YES;
				CLANG_WARN_INT_CONVERSION = YES;
				CLANG_WARN_NON_LITERAL_NULL_CONVERSION = YES;
				CLANG_WARN_OBJC_IMPLICIT_RETAIN_SELF = YES;
				CLANG_WARN_OBJC_LITERAL_CONVERSION = YES;
				CLANG_WARN_OBJC_ROOT_CLASS = YES_ERROR;
				CLANG_WARN_QUOTED_INCLUDE_IN_FRAMEWORK_HEADER = YES;
				CLANG_WARN_RANGE_LOOP_ANALYSIS = YES;
				CLANG_WARN_STRICT_PROTOTYPES = YES;
				CLANG_WARN_SUSPICIOUS_MOVE = YES;
				CLANG_WARN_UNGUARDED_AVAILABILITY = YES_AGGRESSIVE;
				CLANG_WARN_UNREACHABLE_CODE = YES;
				CLANG_WARN__DUPLICATE_METHOD_MATCH = YES;
				COPY_PHASE_STRIP = NO;
				DEBUG_INFORMATION_FORMAT = dwarf;
				ENABLE_STRICT_OBJC_MSGSEND = YES;
				ENABLE_TESTABILITY = YES;
				GCC_C_LANGUAGE_STANDARD = gnu11;
				GCC_DYNAMIC_NO_PIC = NO;
				GCC_NO_COMMON_BLOCKS = YES;
				GCC_OPTIMIZATION_LEVEL = 0;
				GCC_PREPROCESSOR_DEFINITIONS = (
					"DEBUG=1",
					"$(inherited)",
				);
				GCC_WARN_64_TO_32_BIT_CONVERSION = YES;
				GCC_WARN_ABOUT_RETURN_TYPE = YES_ERROR;
				GCC_WARN_UNDECLARED_SELECTOR = YES;
				GCC_WARN_UNINITIALIZED_AUTOS = YES_AGGRESSIVE;
				GCC_WARN_UNUSED_FUNCTION = YES;
				GCC_WARN_UNUSED_VARIABLE = YES;
				IPHONEOS_DEPLOYMENT_TARGET = 14.0;
				MTL_ENABLE_DEBUG_INFO = INCLUDE_SOURCE;
				MTL_FAST_MATH = YES;
				ONLY_ACTIVE_ARCH = YES;
				SDKROOT = iphoneos;
				SWIFT_ACTIVE_COMPILATION_CONDITIONS = DEBUG;
				SWIFT_OPTIMIZATION_LEVEL = "-Onone";
			};
			name = Debug;
		};
		DE93D96F253801AA00361F18 /* Release */ = {
			isa = XCBuildConfiguration;
			buildSettings = {
				ALWAYS_SEARCH_USER_PATHS = NO;
				CLANG_ANALYZER_NONNULL = YES;
				CLANG_ANALYZER_NUMBER_OBJECT_CONVERSION = YES_AGGRESSIVE;
				CLANG_CXX_LANGUAGE_STANDARD = "gnu++14";
				CLANG_CXX_LIBRARY = "libc++";
				CLANG_ENABLE_MODULES = YES;
				CLANG_ENABLE_OBJC_ARC = YES;
				CLANG_ENABLE_OBJC_WEAK = YES;
				CLANG_WARN_BLOCK_CAPTURE_AUTORELEASING = YES;
				CLANG_WARN_BOOL_CONVERSION = YES;
				CLANG_WARN_COMMA = YES;
				CLANG_WARN_CONSTANT_CONVERSION = YES;
				CLANG_WARN_DEPRECATED_OBJC_IMPLEMENTATIONS = YES;
				CLANG_WARN_DIRECT_OBJC_ISA_USAGE = YES_ERROR;
				CLANG_WARN_DOCUMENTATION_COMMENTS = YES;
				CLANG_WARN_EMPTY_BODY = YES;
				CLANG_WARN_ENUM_CONVERSION = YES;
				CLANG_WARN_INFINITE_RECURSION = YES;
				CLANG_WARN_INT_CONVERSION = YES;
				CLANG_WARN_NON_LITERAL_NULL_CONVERSION = YES;
				CLANG_WARN_OBJC_IMPLICIT_RETAIN_SELF = YES;
				CLANG_WARN_OBJC_LITERAL_CONVERSION = YES;
				CLANG_WARN_OBJC_ROOT_CLASS = YES_ERROR;
				CLANG_WARN_QUOTED_INCLUDE_IN_FRAMEWORK_HEADER = YES;
				CLANG_WARN_RANGE_LOOP_ANALYSIS = YES;
				CLANG_WARN_STRICT_PROTOTYPES = YES;
				CLANG_WARN_SUSPICIOUS_MOVE = YES;
				CLANG_WARN_UNGUARDED_AVAILABILITY = YES_AGGRESSIVE;
				CLANG_WARN_UNREACHABLE_CODE = YES;
				CLANG_WARN__DUPLICATE_METHOD_MATCH = YES;
				COPY_PHASE_STRIP = NO;
				DEBUG_INFORMATION_FORMAT = "dwarf-with-dsym";
				ENABLE_NS_ASSERTIONS = NO;
				ENABLE_STRICT_OBJC_MSGSEND = YES;
				GCC_C_LANGUAGE_STANDARD = gnu11;
				GCC_NO_COMMON_BLOCKS = YES;
				GCC_WARN_64_TO_32_BIT_CONVERSION = YES;
				GCC_WARN_ABOUT_RETURN_TYPE = YES_ERROR;
				GCC_WARN_UNDECLARED_SELECTOR = YES;
				GCC_WARN_UNINITIALIZED_AUTOS = YES_AGGRESSIVE;
				GCC_WARN_UNUSED_FUNCTION = YES;
				GCC_WARN_UNUSED_VARIABLE = YES;
				IPHONEOS_DEPLOYMENT_TARGET = 14.0;
				MTL_ENABLE_DEBUG_INFO = NO;
				MTL_FAST_MATH = YES;
				SDKROOT = iphoneos;
				SWIFT_COMPILATION_MODE = wholemodule;
				SWIFT_OPTIMIZATION_LEVEL = "-O";
				VALIDATE_PRODUCT = YES;
			};
			name = Release;
		};
		DE93D971253801AA00361F18 /* Debug */ = {
			isa = XCBuildConfiguration;
			baseConfigurationReference = 313F38B3259C5C6D0F9FE885 /* Pods-Test.debug.xcconfig */;
			buildSettings = {
				ASSETCATALOG_COMPILER_APPICON_NAME = AppIcon;
				ASSETCATALOG_COMPILER_GLOBAL_ACCENT_COLOR_NAME = AccentColor;
				CODE_SIGN_STYLE = Automatic;
				DEVELOPMENT_TEAM = Z2D3W88VKU;
				INFOPLIST_FILE = Test/Info.plist;
				LD_RUNPATH_SEARCH_PATHS = (
					"$(inherited)",
					"@executable_path/Frameworks",
				);
				PRODUCT_BUNDLE_IDENTIFIER = com.example.test.Test;
				PRODUCT_NAME = "$(TARGET_NAME)";
				SWIFT_VERSION = 5.0;
				TARGETED_DEVICE_FAMILY = "1,2";
			};
			name = Debug;
		};
		DE93D972253801AA00361F18 /* Release */ = {
			isa = XCBuildConfiguration;
			baseConfigurationReference = 99F8399AC7BF97CB1101C1D6 /* Pods-Test.release.xcconfig */;
			buildSettings = {
				ASSETCATALOG_COMPILER_APPICON_NAME = AppIcon;
				ASSETCATALOG_COMPILER_GLOBAL_ACCENT_COLOR_NAME = AccentColor;
				CODE_SIGN_STYLE = Automatic;
				DEVELOPMENT_TEAM = Z2D3W88VKU;
				INFOPLIST_FILE = Test/Info.plist;
				LD_RUNPATH_SEARCH_PATHS = (
					"$(inherited)",
					"@executable_path/Frameworks",
				);
				PRODUCT_BUNDLE_IDENTIFIER = com.example.test.Test;
				PRODUCT_NAME = "$(TARGET_NAME)";
				SWIFT_VERSION = 5.0;
				TARGETED_DEVICE_FAMILY = "1,2";
			};
			name = Release;
		};
		DE93D974253801AA00361F18 /* Debug */ = {
			isa = XCBuildConfiguration;
			buildSettings = {
				ALWAYS_EMBED_SWIFT_STANDARD_LIBRARIES = YES;
				BUNDLE_LOADER = "$(TEST_HOST)";
				CODE_SIGN_STYLE = Automatic;
				DEVELOPMENT_TEAM = Z2D3W88VKU;
				INFOPLIST_FILE = TestTests/Info.plist;
				IPHONEOS_DEPLOYMENT_TARGET = 14.0;
				LD_RUNPATH_SEARCH_PATHS = (
					"$(inherited)",
					"@executable_path/Frameworks",
					"@loader_path/Frameworks",
				);
				PRODUCT_BUNDLE_IDENTIFIER = com.example.test.TestTests;
				PRODUCT_NAME = "$(TARGET_NAME)";
				SWIFT_VERSION = 5.0;
				TARGETED_DEVICE_FAMILY = "1,2";
				TEST_HOST = "$(BUILT_PRODUCTS_DIR)/Test.app/Test";
			};
			name = Debug;
		};
		DE93D975253801AA00361F18 /* Release */ = {
			isa = XCBuildConfiguration;
			buildSettings = {
				ALWAYS_EMBED_SWIFT_STANDARD_LIBRARIES = YES;
				BUNDLE_LOADER = "$(TEST_HOST)";
				CODE_SIGN_STYLE = Automatic;
				DEVELOPMENT_TEAM = Z2D3W88VKU;
				INFOPLIST_FILE = TestTests/Info.plist;
				IPHONEOS_DEPLOYMENT_TARGET = 14.0;
				LD_RUNPATH_SEARCH_PATHS = (
					"$(inherited)",
					"@executable_path/Frameworks",
					"@loader_path/Frameworks",
				);
				PRODUCT_BUNDLE_IDENTIFIER = com.example.test.TestTests;
				PRODUCT_NAME = "$(TARGET_NAME)";
				SWIFT_VERSION = 5.0;
				TARGETED_DEVICE_FAMILY = "1,2";
				TEST_HOST = "$(BUILT_PRODUCTS_DIR)/Test.app/Test";
			};
			name = Release;
		};
		DE93D977253801AA00361F18 /* Debug */ = {
			isa = XCBuildConfiguration;
			buildSettings = {
				ALWAYS_EMBED_SWIFT_STANDARD_LIBRARIES = YES;
				CODE_SIGN_STYLE = Automatic;
				DEVELOPMENT_TEAM = Z2D3W88VKU;
				INFOPLIST_FILE = TestUITests/Info.plist;
				LD_RUNPATH_SEARCH_PATHS = (
					"$(inherited)",
					"@executable_path/Frameworks",
					"@loader_path/Frameworks",
				);
				PRODUCT_BUNDLE_IDENTIFIER = com.example.test.TestUITests;
				PRODUCT_NAME = "$(TARGET_NAME)";
				SWIFT_VERSION = 5.0;
				TARGETED_DEVICE_FAMILY = "1,2";
				TEST_TARGET_NAME = Test;
			};
			name = Debug;
		};
		DE93D978253801AA00361F18 /* Release */ = {
			isa = XCBuildConfiguration;
			buildSettings = {
				ALWAYS_EMBED_SWIFT_STANDARD_LIBRARIES = YES;
				CODE_SIGN_STYLE = Automatic;
				DEVELOPMENT_TEAM = Z2D3W88VKU;
				INFOPLIST_FILE = TestUITests/Info.plist;
				LD_RUNPATH_SEARCH_PATHS = (
					"$(inherited)",
					"@executable_path/Frameworks",
					"@loader_path/Frameworks",
				);
				PRODUCT_BUNDLE_IDENTIFIER = com.example.test.TestUITests;
				PRODUCT_NAME = "$(TARGET_NAME)";
				SWIFT_VERSION = 5.0;
				TARGETED_DEVICE_FAMILY = "1,2";
				TEST_TARGET_NAME = Test;
			};
			name = Release;
		};
/* End XCBuildConfiguration section */

/* Begin XCConfigurationList section */
		DE93D941253801A800361F18 /* Build configuration list for PBXProject "Test" */ = {
			isa = XCConfigurationList;
			buildConfigurations = (
				DE93D96E253801AA00361F18 /* Debug */,
				DE93D96F253801AA00361F18 /* Release */,
			);
			defaultConfigurationIsVisible = 0;
			defaultConfigurationName = Release;
		};
		DE93D970253801AA00361F18 /* Build configuration list for PBXNativeTarget "Test" */ = {
			isa = XCConfigurationList;
			buildConfigurations = (
				DE93D971253801AA00361F18 /* Debug */,
				DE93D972253801AA00361F18 /* Release */,
			);
			defaultConfigurationIsVisible = 0;
			defaultConfigurationName = Release;
		};
		DE93D973253801AA00361F18 /* Build configuration list for PBXNativeTarget "TestTests" */ = {
			isa = XCConfigurationList;
			buildConfigurations = (
				DE93D974253801AA00361F18 /* Debug */,
				DE93D975253801AA00361F18 /* Release */,
			);
			defaultConfigurationIsVisible = 0;
			defaultConfigurationName = Release;
		};
		DE93D976253801AA00361F18 /* Build configuration list for PBXNativeTarget "TestUITests" */ = {
			isa = XCConfigurationList;
			buildConfigurations = (
				DE93D977253801AA00361F18 /* Debug */,
				DE93D978253801AA00361F18 /* Release */,
			);
			defaultConfigurationIsVisible = 0;
			defaultConfigurationName = Release;
		};
/* End XCConfigurationList section */
	};
	rootObject = DE93D93E253801A800361F18 /* Project object */;
}
